{
  "name": "causal-inference-factor-model",
  "lockfileVersion": 3,
  "requires": true,
  "packages": {
    "": {
      "dependencies": {
        "@defillama/api": "^0.1.3"
      }
    },
    "node_modules/@defillama/api": {
      "version": "0.1.3",
      "resolved": "https://registry.npmjs.org/@defillama/api/-/api-0.1.3.tgz",
      "integrity": "sha512-6gj1VfGz1+eIyCpKehvnFAa88nHDOE5bzmjAOsrN12Ybz13fCsixdKjCuzus4EJnZpDoR6PUsobzsv80eHqk4w==",
      "license": "MIT",
      "engines": {
        "node": ">=18.0.0"
      }
    }
  }
}
